// !$*UTF8*$!
{
	archiveVersion = 1;
	classes = {
	};
	objectVersion = 56;
	objects = {

/* Begin PBXBuildFile section */
		133B90FA2987D5060077B347 /* ClothDisplayer.swift in Sources */ = {isa = PBXBuildFile; fileRef = 133B90F92987D5060077B347 /* ClothDisplayer.swift */; };
		1341629C298922A900ADA08E /* WeatherDetail.swift in Sources */ = {isa = PBXBuildFile; fileRef = 1341629B298922A900ADA08E /* WeatherDetail.swift */; };
		9AB8CA9D29891FCA00E37A20 /* ClothEditorView.swift in Sources */ = {isa = PBXBuildFile; fileRef = 9AB8CA9C29891FCA00E37A20 /* ClothEditorView.swift */; };
		9AB8CA9F2989203800E37A20 /* WarmnessPicker.swift in Sources */ = {isa = PBXBuildFile; fileRef = 9AB8CA9E2989203800E37A20 /* WarmnessPicker.swift */; };
		9AD1F1732978006900063C22 /* ViewModel.swift in Sources */ = {isa = PBXBuildFile; fileRef = 9AD1F1722978006900063C22 /* ViewModel.swift */; };
		9AF10464297012D1006E40D2 /* MainView.swift in Sources */ = {isa = PBXBuildFile; fileRef = 9AF10463297012D1006E40D2 /* MainView.swift */; };
		CD0103C1296FF746003CB3A1 /* WearerApp.swift in Sources */ = {isa = PBXBuildFile; fileRef = CD0103C0296FF746003CB3A1 /* WearerApp.swift */; };
		CD0103C3296FF746003CB3A1 /* ContentView.swift in Sources */ = {isa = PBXBuildFile; fileRef = CD0103C2296FF746003CB3A1 /* ContentView.swift */; };
		CD0103C5296FF748003CB3A1 /* Assets.xcassets in Resources */ = {isa = PBXBuildFile; fileRef = CD0103C4296FF748003CB3A1 /* Assets.xcassets */; };
		CD0103C8296FF748003CB3A1 /* Preview Assets.xcassets in Resources */ = {isa = PBXBuildFile; fileRef = CD0103C7296FF748003CB3A1 /* Preview Assets.xcassets */; };
		CD0103D429700E75003CB3A1 /* CornerRadius.swift in Sources */ = {isa = PBXBuildFile; fileRef = CD0103D329700E75003CB3A1 /* CornerRadius.swift */; };
		CD38C0322975F602005A4769 /* ShortForecast.swift in Sources */ = {isa = PBXBuildFile; fileRef = CD38C0312975F602005A4769 /* ShortForecast.swift */; };
		CD38C0342975F63D005A4769 /* OMResponse.swift in Sources */ = {isa = PBXBuildFile; fileRef = CD38C0332975F63D005A4769 /* OMResponse.swift */; };
		CD38C0392976A11E005A4769 /* Semimodal.swift in Sources */ = {isa = PBXBuildFile; fileRef = CD38C0382976A11E005A4769 /* Semimodal.swift */; };
		CD3AE4E029891B61007F5360 /* NetworkManager.swift in Sources */ = {isa = PBXBuildFile; fileRef = CD3AE4DF29891B61007F5360 /* NetworkManager.swift */; };
		CD3AE4E229892DDE007F5360 /* OMObjects.swift in Sources */ = {isa = PBXBuildFile; fileRef = CD3AE4E129892DDE007F5360 /* OMObjects.swift */; };
		CD3AFD2D29758E0D0097EF3B /* Title.swift in Sources */ = {isa = PBXBuildFile; fileRef = CD3AFD2C29758E0D0097EF3B /* Title.swift */; };
		CD3B450C29799849007740B2 /* OpenMeteo.swift in Sources */ = {isa = PBXBuildFile; fileRef = CD3B450B29799849007740B2 /* OpenMeteo.swift */; };
		CD6DB056298306A600415415 /* PhotosTaker.swift in Sources */ = {isa = PBXBuildFile; fileRef = CD6DB055298306A600415415 /* PhotosTaker.swift */; };
		CDA111FD297A9C08008B3253 /* OMRequest.swift in Sources */ = {isa = PBXBuildFile; fileRef = CDA111FC297A9C08008B3253 /* OMRequest.swift */; };
		CDA111FF297AE7A9008B3253 /* LocationHandler.swift in Sources */ = {isa = PBXBuildFile; fileRef = CDA111FE297AE7A9008B3253 /* LocationHandler.swift */; };
		CDA11201297E8709008B3253 /* WardrobeView.swift in Sources */ = {isa = PBXBuildFile; fileRef = CDA11200297E8709008B3253 /* WardrobeView.swift */; };
		CDEDCC0F298288C50091FC08 /* HClothViewer.swift in Sources */ = {isa = PBXBuildFile; fileRef = CDEDCC0B298288C50091FC08 /* HClothViewer.swift */; };
		CDEDCC12298288C50091FC08 /* GridClothViewer.swift in Sources */ = {isa = PBXBuildFile; fileRef = CDEDCC0E298288C50091FC08 /* GridClothViewer.swift */; };
		CDEDCC17298288D50091FC08 /* CameraView.swift in Sources */ = {isa = PBXBuildFile; fileRef = CDEDCC13298288D40091FC08 /* CameraView.swift */; };
		CDEDCC18298288D50091FC08 /* CreationClothView.swift in Sources */ = {isa = PBXBuildFile; fileRef = CDEDCC14298288D50091FC08 /* CreationClothView.swift */; };
		CDEDCC19298288D50091FC08 /* ClothesList.swift in Sources */ = {isa = PBXBuildFile; fileRef = CDEDCC15298288D50091FC08 /* ClothesList.swift */; };
		CDEDCC1A298288D50091FC08 /* MyWardrobeView.swift in Sources */ = {isa = PBXBuildFile; fileRef = CDEDCC16298288D50091FC08 /* MyWardrobeView.swift */; };
		CDEDCC1F298288DF0091FC08 /* ClothesDataModel.xcdatamodeld in Sources */ = {isa = PBXBuildFile; fileRef = CDEDCC1B298288DE0091FC08 /* ClothesDataModel.xcdatamodeld */; };
		CDEDCC20298288DF0091FC08 /* DataController.swift in Sources */ = {isa = PBXBuildFile; fileRef = CDEDCC1D298288DE0091FC08 /* DataController.swift */; };
/* End PBXBuildFile section */

/* Begin PBXFileReference section */
		133B90F92987D5060077B347 /* ClothDisplayer.swift */ = {isa = PBXFileReference; lastKnownFileType = sourcecode.swift; path = ClothDisplayer.swift; sourceTree = "<group>"; };
		1341629B298922A900ADA08E /* WeatherDetail.swift */ = {isa = PBXFileReference; lastKnownFileType = sourcecode.swift; path = WeatherDetail.swift; sourceTree = "<group>"; };
		9AB8CA9C29891FCA00E37A20 /* ClothEditorView.swift */ = {isa = PBXFileReference; fileEncoding = 4; lastKnownFileType = sourcecode.swift; path = ClothEditorView.swift; sourceTree = "<group>"; };
		9AB8CA9E2989203800E37A20 /* WarmnessPicker.swift */ = {isa = PBXFileReference; fileEncoding = 4; lastKnownFileType = sourcecode.swift; path = WarmnessPicker.swift; sourceTree = "<group>"; };
		9AD1F1722978006900063C22 /* ViewModel.swift */ = {isa = PBXFileReference; lastKnownFileType = sourcecode.swift; path = ViewModel.swift; sourceTree = "<group>"; };
		9AF10463297012D1006E40D2 /* MainView.swift */ = {isa = PBXFileReference; lastKnownFileType = sourcecode.swift; path = MainView.swift; sourceTree = "<group>"; };
		CD0103BD296FF746003CB3A1 /* Wearer.app */ = {isa = PBXFileReference; explicitFileType = wrapper.application; includeInIndex = 0; path = Wearer.app; sourceTree = BUILT_PRODUCTS_DIR; };
		CD0103C0296FF746003CB3A1 /* WearerApp.swift */ = {isa = PBXFileReference; lastKnownFileType = sourcecode.swift; path = WearerApp.swift; sourceTree = "<group>"; };
		CD0103C2296FF746003CB3A1 /* ContentView.swift */ = {isa = PBXFileReference; lastKnownFileType = sourcecode.swift; path = ContentView.swift; sourceTree = "<group>"; };
		CD0103C4296FF748003CB3A1 /* Assets.xcassets */ = {isa = PBXFileReference; lastKnownFileType = folder.assetcatalog; path = Assets.xcassets; sourceTree = "<group>"; };
		CD0103C7296FF748003CB3A1 /* Preview Assets.xcassets */ = {isa = PBXFileReference; lastKnownFileType = folder.assetcatalog; path = "Preview Assets.xcassets"; sourceTree = "<group>"; };
		CD0103D329700E75003CB3A1 /* CornerRadius.swift */ = {isa = PBXFileReference; lastKnownFileType = sourcecode.swift; path = CornerRadius.swift; sourceTree = "<group>"; };
		CD38C0312975F602005A4769 /* ShortForecast.swift */ = {isa = PBXFileReference; lastKnownFileType = sourcecode.swift; path = ShortForecast.swift; sourceTree = "<group>"; };
		CD38C0332975F63D005A4769 /* OMResponse.swift */ = {isa = PBXFileReference; lastKnownFileType = sourcecode.swift; path = OMResponse.swift; sourceTree = "<group>"; };
		CD38C0382976A11E005A4769 /* Semimodal.swift */ = {isa = PBXFileReference; lastKnownFileType = sourcecode.swift; path = Semimodal.swift; sourceTree = "<group>"; };
		CD3AE4DF29891B61007F5360 /* NetworkManager.swift */ = {isa = PBXFileReference; lastKnownFileType = sourcecode.swift; path = NetworkManager.swift; sourceTree = "<group>"; };
		CD3AE4E129892DDE007F5360 /* OMObjects.swift */ = {isa = PBXFileReference; lastKnownFileType = sourcecode.swift; path = OMObjects.swift; sourceTree = "<group>"; };
		CD3AFD2C29758E0D0097EF3B /* Title.swift */ = {isa = PBXFileReference; lastKnownFileType = sourcecode.swift; path = Title.swift; sourceTree = "<group>"; };
		CD3B450B29799849007740B2 /* OpenMeteo.swift */ = {isa = PBXFileReference; lastKnownFileType = sourcecode.swift; path = OpenMeteo.swift; sourceTree = "<group>"; };
		CD6DB055298306A600415415 /* PhotosTaker.swift */ = {isa = PBXFileReference; lastKnownFileType = sourcecode.swift; path = PhotosTaker.swift; sourceTree = "<group>"; };
		CDA111FC297A9C08008B3253 /* OMRequest.swift */ = {isa = PBXFileReference; lastKnownFileType = sourcecode.swift; path = OMRequest.swift; sourceTree = "<group>"; };
		CDA111FE297AE7A9008B3253 /* LocationHandler.swift */ = {isa = PBXFileReference; lastKnownFileType = sourcecode.swift; path = LocationHandler.swift; sourceTree = "<group>"; };
		CDA11200297E8709008B3253 /* WardrobeView.swift */ = {isa = PBXFileReference; lastKnownFileType = sourcecode.swift; path = WardrobeView.swift; sourceTree = "<group>"; };
		CDEDCC0B298288C50091FC08 /* HClothViewer.swift */ = {isa = PBXFileReference; fileEncoding = 4; lastKnownFileType = sourcecode.swift; path = HClothViewer.swift; sourceTree = "<group>"; };
		CDEDCC0E298288C50091FC08 /* GridClothViewer.swift */ = {isa = PBXFileReference; fileEncoding = 4; lastKnownFileType = sourcecode.swift; path = GridClothViewer.swift; sourceTree = "<group>"; };
		CDEDCC13298288D40091FC08 /* CameraView.swift */ = {isa = PBXFileReference; fileEncoding = 4; lastKnownFileType = sourcecode.swift; path = CameraView.swift; sourceTree = "<group>"; };
		CDEDCC14298288D50091FC08 /* CreationClothView.swift */ = {isa = PBXFileReference; fileEncoding = 4; lastKnownFileType = sourcecode.swift; path = CreationClothView.swift; sourceTree = "<group>"; };
		CDEDCC15298288D50091FC08 /* ClothesList.swift */ = {isa = PBXFileReference; fileEncoding = 4; lastKnownFileType = sourcecode.swift; path = ClothesList.swift; sourceTree = "<group>"; };
		CDEDCC16298288D50091FC08 /* MyWardrobeView.swift */ = {isa = PBXFileReference; fileEncoding = 4; lastKnownFileType = sourcecode.swift; path = MyWardrobeView.swift; sourceTree = "<group>"; };
		CDEDCC1C298288DE0091FC08 /* ClothesDataModel.xcdatamodel */ = {isa = PBXFileReference; lastKnownFileType = wrapper.xcdatamodel; path = ClothesDataModel.xcdatamodel; sourceTree = "<group>"; };
		CDEDCC1D298288DE0091FC08 /* DataController.swift */ = {isa = PBXFileReference; fileEncoding = 4; lastKnownFileType = sourcecode.swift; path = DataController.swift; sourceTree = "<group>"; };
/* End PBXFileReference section */

/* Begin PBXFrameworksBuildPhase section */
		CD0103BA296FF746003CB3A1 /* Frameworks */ = {
			isa = PBXFrameworksBuildPhase;
			buildActionMask = 2147483647;
			files = (
			);
			runOnlyForDeploymentPostprocessing = 0;
		};
/* End PBXFrameworksBuildPhase section */

/* Begin PBXGroup section */
		CD0103B4296FF746003CB3A1 = {
			isa = PBXGroup;
			children = (
				CD0103BF296FF746003CB3A1 /* Wearer */,
				CD0103BE296FF746003CB3A1 /* Products */,
			);
			sourceTree = "<group>";
		};
		CD0103BE296FF746003CB3A1 /* Products */ = {
			isa = PBXGroup;
			children = (
				CD0103BD296FF746003CB3A1 /* Wearer.app */,
			);
			name = Products;
			sourceTree = "<group>";
		};
		CD0103BF296FF746003CB3A1 /* Wearer */ = {
			isa = PBXGroup;
			children = (
				CD6DB0522982CF5400415415 /* Modifiers */,
				CD0103D229700DD3003CB3A1 /* Components */,
				CD0103D129700DCA003CB3A1 /* Views */,
				CD0103CE29700DB2003CB3A1 /* Model */,
				CD0103C0296FF746003CB3A1 /* WearerApp.swift */,
				CD0103C2296FF746003CB3A1 /* ContentView.swift */,
				CD0103C4296FF748003CB3A1 /* Assets.xcassets */,
				CD0103C6296FF748003CB3A1 /* Preview Content */,
			);
			path = Wearer;
			sourceTree = "<group>";
		};
		CD0103C6296FF748003CB3A1 /* Preview Content */ = {
			isa = PBXGroup;
			children = (
				CD0103C7296FF748003CB3A1 /* Preview Assets.xcassets */,
			);
			path = "Preview Content";
			sourceTree = "<group>";
		};
		CD0103CE29700DB2003CB3A1 /* Model */ = {
			isa = PBXGroup;
			children = (
				CDEDCC1B298288DE0091FC08 /* ClothesDataModel.xcdatamodeld */,
				CDEDCC1D298288DE0091FC08 /* DataController.swift */,
				CD3B450A2979982A007740B2 /* OpenMeteo */,
				CDA111FE297AE7A9008B3253 /* LocationHandler.swift */,
				CD3AE4DF29891B61007F5360 /* NetworkManager.swift */,
			);
			path = Model;
			sourceTree = "<group>";
		};
		CD0103D129700DCA003CB3A1 /* Views */ = {
			isa = PBXGroup;
			children = (
				CDEDCC13298288D40091FC08 /* CameraView.swift */,
				9AB8CA9C29891FCA00E37A20 /* ClothEditorView.swift */,
				CDEDCC15298288D50091FC08 /* ClothesList.swift */,
				CDEDCC14298288D50091FC08 /* CreationClothView.swift */,
				CDEDCC16298288D50091FC08 /* MyWardrobeView.swift */,
				9AF10463297012D1006E40D2 /* MainView.swift */,
				9AD1F1722978006900063C22 /* ViewModel.swift */,
				CDA11200297E8709008B3253 /* WardrobeView.swift */,
			);
			path = Views;
			sourceTree = "<group>";
		};
		CD0103D229700DD3003CB3A1 /* Components */ = {
			isa = PBXGroup;
			children = (
				9AB8CA9E2989203800E37A20 /* WarmnessPicker.swift */,
				CDEDCC0E298288C50091FC08 /* GridClothViewer.swift */,
				CDEDCC0B298288C50091FC08 /* HClothViewer.swift */,
				CD0103D329700E75003CB3A1 /* CornerRadius.swift */,
				CD38C0312975F602005A4769 /* ShortForecast.swift */,
				133B90F92987D5060077B347 /* ClothDisplayer.swift */,
				1341629B298922A900ADA08E /* WeatherDetail.swift */,
			);
			path = Components;
			sourceTree = "<group>";
		};
		CD3B450A2979982A007740B2 /* OpenMeteo */ = {
			isa = PBXGroup;
			children = (
				CD3AE4E129892DDE007F5360 /* OMObjects.swift */,
				CDA111FC297A9C08008B3253 /* OMRequest.swift */,
				CD38C0332975F63D005A4769 /* OMResponse.swift */,
				CD3B450B29799849007740B2 /* OpenMeteo.swift */,
			);
			path = OpenMeteo;
			sourceTree = "<group>";
		};
		CD6DB0522982CF5400415415 /* Modifiers */ = {
			isa = PBXGroup;
			children = (
				CD38C0382976A11E005A4769 /* Semimodal.swift */,
				CD3AFD2C29758E0D0097EF3B /* Title.swift */,
				CD6DB055298306A600415415 /* PhotosTaker.swift */,
			);
			path = Modifiers;
			sourceTree = "<group>";
		};
/* End PBXGroup section */

/* Begin PBXNativeTarget section */
		CD0103BC296FF746003CB3A1 /* Wearer */ = {
			isa = PBXNativeTarget;
			buildConfigurationList = CD0103CB296FF748003CB3A1 /* Build configuration list for PBXNativeTarget "Wearer" */;
			buildPhases = (
				CD0103B9296FF746003CB3A1 /* Sources */,
				CD0103BA296FF746003CB3A1 /* Frameworks */,
				CD0103BB296FF746003CB3A1 /* Resources */,
				CD38C03729768E07005A4769 /* SwiftLint */,
			);
			buildRules = (
			);
			dependencies = (
			);
			name = Wearer;
			productName = Wearer;
			productReference = CD0103BD296FF746003CB3A1 /* Wearer.app */;
			productType = "com.apple.product-type.application";
		};
/* End PBXNativeTarget section */

/* Begin PBXProject section */
		CD0103B5296FF746003CB3A1 /* Project object */ = {
			isa = PBXProject;
			attributes = {
				BuildIndependentTargetsInParallel = 1;
				LastSwiftUpdateCheck = 1420;
				LastUpgradeCheck = 1420;
				TargetAttributes = {
					CD0103BC296FF746003CB3A1 = {
						CreatedOnToolsVersion = 14.2;
					};
				};
			};
			buildConfigurationList = CD0103B8296FF746003CB3A1 /* Build configuration list for PBXProject "Wearer" */;
			compatibilityVersion = "Xcode 14.0";
			developmentRegion = en;
			hasScannedForEncodings = 0;
			knownRegions = (
				en,
				Base,
			);
			mainGroup = CD0103B4296FF746003CB3A1;
			productRefGroup = CD0103BE296FF746003CB3A1 /* Products */;
			projectDirPath = "";
			projectRoot = "";
			targets = (
				CD0103BC296FF746003CB3A1 /* Wearer */,
			);
		};
/* End PBXProject section */

/* Begin PBXResourcesBuildPhase section */
		CD0103BB296FF746003CB3A1 /* Resources */ = {
			isa = PBXResourcesBuildPhase;
			buildActionMask = 2147483647;
			files = (
				CD0103C8296FF748003CB3A1 /* Preview Assets.xcassets in Resources */,
				CD0103C5296FF748003CB3A1 /* Assets.xcassets in Resources */,
			);
			runOnlyForDeploymentPostprocessing = 0;
		};
/* End PBXResourcesBuildPhase section */

/* Begin PBXShellScriptBuildPhase section */
		CD38C03729768E07005A4769 /* SwiftLint */ = {
			isa = PBXShellScriptBuildPhase;
			buildActionMask = 2147483647;
			files = (
			);
			inputFileListPaths = (
			);
			inputPaths = (
			);
			name = SwiftLint;
			outputFileListPaths = (
			);
			outputPaths = (
			);
			runOnlyForDeploymentPostprocessing = 0;
			shellPath = /bin/sh;
			shellScript = "export PATH=\"$PATH:/opt/homebrew/bin\"\nif which swiftlint > /dev/null; then\n  swiftlint\nelse\n  echo \"warning: SwiftLint not installed, download from https://github.com/realm/SwiftLint\"\nfi\n";
		};
/* End PBXShellScriptBuildPhase section */

/* Begin PBXSourcesBuildPhase section */
		CD0103B9296FF746003CB3A1 /* Sources */ = {
			isa = PBXSourcesBuildPhase;
			buildActionMask = 2147483647;
			files = (
				133B90FA2987D5060077B347 /* ClothDisplayer.swift in Sources */,
				9AB8CA9D29891FCA00E37A20 /* ClothEditorView.swift in Sources */,
				CD3AFD2D29758E0D0097EF3B /* Title.swift in Sources */,
				CDEDCC18298288D50091FC08 /* CreationClothView.swift in Sources */,
				9AB8CA9F2989203800E37A20 /* WarmnessPicker.swift in Sources */,
				CDEDCC1A298288D50091FC08 /* MyWardrobeView.swift in Sources */,
				9AF10464297012D1006E40D2 /* MainView.swift in Sources */,
				CD38C0392976A11E005A4769 /* Semimodal.swift in Sources */,
				CDEDCC17298288D50091FC08 /* CameraView.swift in Sources */,
				CDA111FF297AE7A9008B3253 /* LocationHandler.swift in Sources */,
				CDEDCC19298288D50091FC08 /* ClothesList.swift in Sources */,
				1341629C298922A900ADA08E /* WeatherDetail.swift in Sources */,
				9AD1F1732978006900063C22 /* ViewModel.swift in Sources */,
				CD3B450C29799849007740B2 /* OpenMeteo.swift in Sources */,
				CD0103C3296FF746003CB3A1 /* ContentView.swift in Sources */,
				CD3AE4E029891B61007F5360 /* NetworkManager.swift in Sources */,
				CD3AE4E229892DDE007F5360 /* OMObjects.swift in Sources */,
				CD38C0322975F602005A4769 /* ShortForecast.swift in Sources */,
				CD6DB056298306A600415415 /* PhotosTaker.swift in Sources */,
				CDA11201297E8709008B3253 /* WardrobeView.swift in Sources */,
				CD0103D429700E75003CB3A1 /* CornerRadius.swift in Sources */,
				CD0103C1296FF746003CB3A1 /* WearerApp.swift in Sources */,
				CDEDCC12298288C50091FC08 /* GridClothViewer.swift in Sources */,
				CDEDCC0F298288C50091FC08 /* HClothViewer.swift in Sources */,
				CDEDCC1F298288DF0091FC08 /* ClothesDataModel.xcdatamodeld in Sources */,
				CDEDCC20298288DF0091FC08 /* DataController.swift in Sources */,
				CDA111FD297A9C08008B3253 /* OMRequest.swift in Sources */,
				CD38C0342975F63D005A4769 /* OMResponse.swift in Sources */,
			);
			runOnlyForDeploymentPostprocessing = 0;
		};
/* End PBXSourcesBuildPhase section */

/* Begin XCBuildConfiguration section */
		CD0103C9296FF748003CB3A1 /* Debug */ = {
			isa = XCBuildConfiguration;
			buildSettings = {
				ALWAYS_SEARCH_USER_PATHS = NO;
				CLANG_ANALYZER_NONNULL = YES;
				CLANG_ANALYZER_NUMBER_OBJECT_CONVERSION = YES_AGGRESSIVE;
				CLANG_CXX_LANGUAGE_STANDARD = "gnu++20";
				CLANG_ENABLE_MODULES = YES;
				CLANG_ENABLE_OBJC_ARC = YES;
				CLANG_ENABLE_OBJC_WEAK = YES;
				CLANG_WARN_BLOCK_CAPTURE_AUTORELEASING = YES;
				CLANG_WARN_BOOL_CONVERSION = YES;
				CLANG_WARN_COMMA = YES;
				CLANG_WARN_CONSTANT_CONVERSION = YES;
				CLANG_WARN_DEPRECATED_OBJC_IMPLEMENTATIONS = YES;
				CLANG_WARN_DIRECT_OBJC_ISA_USAGE = YES_ERROR;
				CLANG_WARN_DOCUMENTATION_COMMENTS = YES;
				CLANG_WARN_EMPTY_BODY = YES;
				CLANG_WARN_ENUM_CONVERSION = YES;
				CLANG_WARN_INFINITE_RECURSION = YES;
				CLANG_WARN_INT_CONVERSION = YES;
				CLANG_WARN_NON_LITERAL_NULL_CONVERSION = YES;
				CLANG_WARN_OBJC_IMPLICIT_RETAIN_SELF = YES;
				CLANG_WARN_OBJC_LITERAL_CONVERSION = YES;
				CLANG_WARN_OBJC_ROOT_CLASS = YES_ERROR;
				CLANG_WARN_QUOTED_INCLUDE_IN_FRAMEWORK_HEADER = YES;
				CLANG_WARN_RANGE_LOOP_ANALYSIS = YES;
				CLANG_WARN_STRICT_PROTOTYPES = YES;
				CLANG_WARN_SUSPICIOUS_MOVE = YES;
				CLANG_WARN_UNGUARDED_AVAILABILITY = YES_AGGRESSIVE;
				CLANG_WARN_UNREACHABLE_CODE = YES;
				CLANG_WARN__DUPLICATE_METHOD_MATCH = YES;
				COPY_PHASE_STRIP = NO;
				DEBUG_INFORMATION_FORMAT = dwarf;
				ENABLE_STRICT_OBJC_MSGSEND = YES;
				ENABLE_TESTABILITY = YES;
				GCC_C_LANGUAGE_STANDARD = gnu11;
				GCC_DYNAMIC_NO_PIC = NO;
				GCC_NO_COMMON_BLOCKS = YES;
				GCC_OPTIMIZATION_LEVEL = 0;
				GCC_PREPROCESSOR_DEFINITIONS = (
					"DEBUG=1",
					"$(inherited)",
				);
				GCC_WARN_64_TO_32_BIT_CONVERSION = YES;
				GCC_WARN_ABOUT_RETURN_TYPE = YES_ERROR;
				GCC_WARN_UNDECLARED_SELECTOR = YES;
				GCC_WARN_UNINITIALIZED_AUTOS = YES_AGGRESSIVE;
				GCC_WARN_UNUSED_FUNCTION = YES;
				GCC_WARN_UNUSED_VARIABLE = YES;
				IPHONEOS_DEPLOYMENT_TARGET = 16.1;
				MTL_ENABLE_DEBUG_INFO = INCLUDE_SOURCE;
				MTL_FAST_MATH = YES;
				ONLY_ACTIVE_ARCH = YES;
				SDKROOT = iphoneos;
				SWIFT_ACTIVE_COMPILATION_CONDITIONS = DEBUG;
				SWIFT_OPTIMIZATION_LEVEL = "-Onone";
			};
			name = Debug;
		};
		CD0103CA296FF748003CB3A1 /* Release */ = {
			isa = XCBuildConfiguration;
			buildSettings = {
				ALWAYS_SEARCH_USER_PATHS = NO;
				CLANG_ANALYZER_NONNULL = YES;
				CLANG_ANALYZER_NUMBER_OBJECT_CONVERSION = YES_AGGRESSIVE;
				CLANG_CXX_LANGUAGE_STANDARD = "gnu++20";
				CLANG_ENABLE_MODULES = YES;
				CLANG_ENABLE_OBJC_ARC = YES;
				CLANG_ENABLE_OBJC_WEAK = YES;
				CLANG_WARN_BLOCK_CAPTURE_AUTORELEASING = YES;
				CLANG_WARN_BOOL_CONVERSION = YES;
				CLANG_WARN_COMMA = YES;
				CLANG_WARN_CONSTANT_CONVERSION = YES;
				CLANG_WARN_DEPRECATED_OBJC_IMPLEMENTATIONS = YES;
				CLANG_WARN_DIRECT_OBJC_ISA_USAGE = YES_ERROR;
				CLANG_WARN_DOCUMENTATION_COMMENTS = YES;
				CLANG_WARN_EMPTY_BODY = YES;
				CLANG_WARN_ENUM_CONVERSION = YES;
				CLANG_WARN_INFINITE_RECURSION = YES;
				CLANG_WARN_INT_CONVERSION = YES;
				CLANG_WARN_NON_LITERAL_NULL_CONVERSION = YES;
				CLANG_WARN_OBJC_IMPLICIT_RETAIN_SELF = YES;
				CLANG_WARN_OBJC_LITERAL_CONVERSION = YES;
				CLANG_WARN_OBJC_ROOT_CLASS = YES_ERROR;
				CLANG_WARN_QUOTED_INCLUDE_IN_FRAMEWORK_HEADER = YES;
				CLANG_WARN_RANGE_LOOP_ANALYSIS = YES;
				CLANG_WARN_STRICT_PROTOTYPES = YES;
				CLANG_WARN_SUSPICIOUS_MOVE = YES;
				CLANG_WARN_UNGUARDED_AVAILABILITY = YES_AGGRESSIVE;
				CLANG_WARN_UNREACHABLE_CODE = YES;
				CLANG_WARN__DUPLICATE_METHOD_MATCH = YES;
				COPY_PHASE_STRIP = NO;
				DEBUG_INFORMATION_FORMAT = "dwarf-with-dsym";
				ENABLE_NS_ASSERTIONS = NO;
				ENABLE_STRICT_OBJC_MSGSEND = YES;
				GCC_C_LANGUAGE_STANDARD = gnu11;
				GCC_NO_COMMON_BLOCKS = YES;
				GCC_WARN_64_TO_32_BIT_CONVERSION = YES;
				GCC_WARN_ABOUT_RETURN_TYPE = YES_ERROR;
				GCC_WARN_UNDECLARED_SELECTOR = YES;
				GCC_WARN_UNINITIALIZED_AUTOS = YES_AGGRESSIVE;
				GCC_WARN_UNUSED_FUNCTION = YES;
				GCC_WARN_UNUSED_VARIABLE = YES;
				IPHONEOS_DEPLOYMENT_TARGET = 16.1;
				MTL_ENABLE_DEBUG_INFO = NO;
				MTL_FAST_MATH = YES;
				SDKROOT = iphoneos;
				SWIFT_COMPILATION_MODE = wholemodule;
				SWIFT_OPTIMIZATION_LEVEL = "-O";
				VALIDATE_PRODUCT = YES;
			};
			name = Release;
		};
		CD0103CC296FF748003CB3A1 /* Debug */ = {
			isa = XCBuildConfiguration;
			buildSettings = {
				ASSETCATALOG_COMPILER_APPICON_NAME = AppIcon;
				ASSETCATALOG_COMPILER_GLOBAL_ACCENT_COLOR_NAME = AccentColor;
				CODE_SIGN_STYLE = Automatic;
				CURRENT_PROJECT_VERSION = 1;
				DEVELOPMENT_ASSET_PATHS = "\"Wearer/Preview Content\"";
				DEVELOPMENT_TEAM = 57Z9KVXBQ7;
				ENABLE_PREVIEWS = YES;
				GENERATE_INFOPLIST_FILE = YES;
				INFOPLIST_KEY_LSApplicationCategoryType = "";
				INFOPLIST_KEY_NSLocationAlwaysAndWhenInUseUsageDescription = "";
				INFOPLIST_KEY_NSLocationWhenInUseUsageDescription = "The app need access to your current position to show weather forecast";
				INFOPLIST_KEY_UIApplicationSceneManifest_Generation = YES;
				INFOPLIST_KEY_UIApplicationSupportsIndirectInputEvents = YES;
				INFOPLIST_KEY_UILaunchScreen_Generation = YES;
				INFOPLIST_KEY_UISupportedInterfaceOrientations_iPad = "UIInterfaceOrientationPortrait UIInterfaceOrientationPortraitUpsideDown UIInterfaceOrientationLandscapeLeft UIInterfaceOrientationLandscapeRight";
				INFOPLIST_KEY_UISupportedInterfaceOrientations_iPhone = "UIInterfaceOrientationPortrait UIInterfaceOrientationLandscapeLeft UIInterfaceOrientationLandscapeRight";
				LD_RUNPATH_SEARCH_PATHS = (
					"$(inherited)",
					"@executable_path/Frameworks",
				);
				MARKETING_VERSION = 1.0;
				PRODUCT_BUNDLE_IDENTIFIER = bng.Wearer;
				PRODUCT_NAME = "$(TARGET_NAME)";
				SWIFT_EMIT_LOC_STRINGS = YES;
				SWIFT_VERSION = 5.0;
				TARGETED_DEVICE_FAMILY = "1,2";
			};
			name = Debug;
		};
		CD0103CD296FF748003CB3A1 /* Release */ = {
			isa = XCBuildConfiguration;
			buildSettings = {
				ASSETCATALOG_COMPILER_APPICON_NAME = AppIcon;
				ASSETCATALOG_COMPILER_GLOBAL_ACCENT_COLOR_NAME = AccentColor;
				CODE_SIGN_STYLE = Automatic;
				CURRENT_PROJECT_VERSION = 1;
				DEVELOPMENT_ASSET_PATHS = "\"Wearer/Preview Content\"";
				DEVELOPMENT_TEAM = 57Z9KVXBQ7;
				ENABLE_PREVIEWS = YES;
				GENERATE_INFOPLIST_FILE = YES;
				INFOPLIST_KEY_LSApplicationCategoryType = "";
				INFOPLIST_KEY_NSLocationAlwaysAndWhenInUseUsageDescription = "";
				INFOPLIST_KEY_NSLocationWhenInUseUsageDescription = "The app need access to your current position to show weather forecast";
				INFOPLIST_KEY_UIApplicationSceneManifest_Generation = YES;
				INFOPLIST_KEY_UIApplicationSupportsIndirectInputEvents = YES;
				INFOPLIST_KEY_UILaunchScreen_Generation = YES;
				INFOPLIST_KEY_UISupportedInterfaceOrientations_iPad = "UIInterfaceOrientationPortrait UIInterfaceOrientationPortraitUpsideDown UIInterfaceOrientationLandscapeLeft UIInterfaceOrientationLandscapeRight";
				INFOPLIST_KEY_UISupportedInterfaceOrientations_iPhone = "UIInterfaceOrientationPortrait UIInterfaceOrientationLandscapeLeft UIInterfaceOrientationLandscapeRight";
				LD_RUNPATH_SEARCH_PATHS = (
					"$(inherited)",
					"@executable_path/Frameworks",
				);
				MARKETING_VERSION = 1.0;
				PRODUCT_BUNDLE_IDENTIFIER = bng.Wearer;
				PRODUCT_NAME = "$(TARGET_NAME)";
				SWIFT_EMIT_LOC_STRINGS = YES;
				SWIFT_VERSION = 5.0;
				TARGETED_DEVICE_FAMILY = "1,2";
			};
			name = Release;
		};
/* End XCBuildConfiguration section */

/* Begin XCConfigurationList section */
		CD0103B8296FF746003CB3A1 /* Build configuration list for PBXProject "Wearer" */ = {
			isa = XCConfigurationList;
			buildConfigurations = (
				CD0103C9296FF748003CB3A1 /* Debug */,
				CD0103CA296FF748003CB3A1 /* Release */,
			);
			defaultConfigurationIsVisible = 0;
			defaultConfigurationName = Release;
		};
		CD0103CB296FF748003CB3A1 /* Build configuration list for PBXNativeTarget "Wearer" */ = {
			isa = XCConfigurationList;
			buildConfigurations = (
				CD0103CC296FF748003CB3A1 /* Debug */,
				CD0103CD296FF748003CB3A1 /* Release */,
			);
			defaultConfigurationIsVisible = 0;
			defaultConfigurationName = Release;
		};
/* End XCConfigurationList section */

/* Begin XCVersionGroup section */
		CDEDCC1B298288DE0091FC08 /* ClothesDataModel.xcdatamodeld */ = {
			isa = XCVersionGroup;
			children = (
				CDEDCC1C298288DE0091FC08 /* ClothesDataModel.xcdatamodel */,
			);
			currentVersion = CDEDCC1C298288DE0091FC08 /* ClothesDataModel.xcdatamodel */;
			path = ClothesDataModel.xcdatamodeld;
			sourceTree = "<group>";
			versionGroupType = wrapper.xcdatamodel;
		};
/* End XCVersionGroup section */
	};
	rootObject = CD0103B5296FF746003CB3A1 /* Project object */;
}
